
Microsoft Visual Studio Solution File, Format Version 12.00
# Visual Studio Version 16
VisualStudioVersion = 16.0.29519.181
MinimumVisualStudioVersion = 10.0.40219.1
Project("{FAE04EC0-301F-11D3-BF4B-00C04F79EFBC}") = "UmbracoHeadRestSample", "UmbracoHeadRestSample\UmbracoHeadRestSample.csproj", "{F47C3AFB-E0F7-4E44-9C79-386F908BE949}"
EndProject
Project("{FAE04EC0-301F-11D3-BF4B-00C04F79EFBC}") = "Umbraco.Extensions", "..\Libraries\Umbraco.Extensions\Umbraco.Extensions.csproj", "{BF3E5FDB-0A0C-4412-898F-DF772DD0317A}"
EndProject
Global
	GlobalSection(SolutionConfigurationPlatforms) = preSolution
		Debug|Any CPU = Debug|Any CPU
		Release|Any CPU = Release|Any CPU
	EndGlobalSection
	GlobalSection(ProjectConfigurationPlatforms) = postSolution
		{F47C3AFB-E0F7-4E44-9C79-386F908BE949}.Debug|Any CPU.ActiveCfg = Debug|Any CPU
		{F47C3AFB-E0F7-4E44-9C79-386F908BE949}.Debug|Any CPU.Build.0 = Debug|Any CPU
		{F47C3AFB-E0F7-4E44-9C79-386F908BE949}.Release|Any CPU.ActiveCfg = Release|Any CPU
		{F47C3AFB-E0F7-4E44-9C79-386F908BE949}.Release|Any CPU.Build.0 = Release|Any CPU
		{BF3E5FDB-0A0C-4412-898F-DF772DD0317A}.Debug|Any CPU.ActiveCfg = Debug|Any CPU
		{BF3E5FDB-0A0C-4412-898F-DF772DD0317A}.Debug|Any CPU.Build.0 = Debug|Any CPU
		{BF3E5FDB-0A0C-4412-898F-DF772DD0317A}.Release|Any CPU.ActiveCfg = Release|Any CPU
		{BF3E5FDB-0A0C-4412-898F-DF772DD0317A}.Release|Any CPU.Build.0 = Release|Any CPU
	EndGlobalSection
	GlobalSection(SolutionProperties) = preSolution
		HideSolutionNode = FALSE
	EndGlobalSection
	GlobalSection(ExtensibilityGlobals) = postSolution
		SolutionGuid = {A6490E79-A91A-436F-AC5D-92E116B477B7}
	EndGlobalSection
EndGlobal
